// !$*UTF8*$!
{
	archiveVersion = 1;
	classes = {
	};
	objectVersion = 55;
	objects = {

/* Begin PBXBuildFile section */
		0D34D43A27B77032009C0F68 /* MovieCell.swift in Sources */ = {isa = PBXBuildFile; fileRef = 0D34D43927B77032009C0F68 /* MovieCell.swift */; };
		0D34D43D27B789C2009C0F68 /* AlamofireImage in Frameworks */ = {isa = PBXBuildFile; productRef = 0D34D43C27B789C2009C0F68 /* AlamofireImage */; };
		0DFBD7EE27B760A500A8E198 /* AppDelegate.swift in Sources */ = {isa = PBXBuildFile; fileRef = 0DFBD7ED27B760A500A8E198 /* AppDelegate.swift */; };
		0DFBD7F027B760A500A8E198 /* SceneDelegate.swift in Sources */ = {isa = PBXBuildFile; fileRef = 0DFBD7EF27B760A500A8E198 /* SceneDelegate.swift */; };
		0DFBD7F227B760A500A8E198 /* MoviesViewController.swift in Sources */ = {isa = PBXBuildFile; fileRef = 0DFBD7F127B760A500A8E198 /* MoviesViewController.swift */; };
		0DFBD7F527B760A500A8E198 /* Main.storyboard in Resources */ = {isa = PBXBuildFile; fileRef = 0DFBD7F327B760A500A8E198 /* Main.storyboard */; };
		0DFBD7F727B760AA00A8E198 /* Assets.xcassets in Resources */ = {isa = PBXBuildFile; fileRef = 0DFBD7F627B760AA00A8E198 /* Assets.xcassets */; };
		0DFBD7FA27B760AA00A8E198 /* LaunchScreen.storyboard in Resources */ = {isa = PBXBuildFile; fileRef = 0DFBD7F827B760AA00A8E198 /* LaunchScreen.storyboard */; };
		0DFBD80527B760AA00A8E198 /* FlixTests.swift in Sources */ = {isa = PBXBuildFile; fileRef = 0DFBD80427B760AA00A8E198 /* FlixTests.swift */; };
		0DFBD80F27B760AA00A8E198 /* FlixUITests.swift in Sources */ = {isa = PBXBuildFile; fileRef = 0DFBD80E27B760AA00A8E198 /* FlixUITests.swift */; };
		0DFBD81127B760AA00A8E198 /* FlixUITestsLaunchTests.swift in Sources */ = {isa = PBXBuildFile; fileRef = 0DFBD81027B760AA00A8E198 /* FlixUITestsLaunchTests.swift */; };
/* End PBXBuildFile section */

/* Begin PBXContainerItemProxy section */
		0DFBD80127B760AA00A8E198 /* PBXContainerItemProxy */ = {
			isa = PBXContainerItemProxy;
			containerPortal = 0DFBD7E227B760A500A8E198 /* Project object */;
			proxyType = 1;
			remoteGlobalIDString = 0DFBD7E927B760A500A8E198;
			remoteInfo = Flix;
		};
		0DFBD80B27B760AA00A8E198 /* PBXContainerItemProxy */ = {
			isa = PBXContainerItemProxy;
			containerPortal = 0DFBD7E227B760A500A8E198 /* Project object */;
			proxyType = 1;
			remoteGlobalIDString = 0DFBD7E927B760A500A8E198;
			remoteInfo = Flix;
		};
/* End PBXContainerItemProxy section */

/* Begin PBXFileReference section */
		0D34D43927B77032009C0F68 /* MovieCell.swift */ = {isa = PBXFileReference; lastKnownFileType = sourcecode.swift; path = MovieCell.swift; sourceTree = "<group>"; };
		0DFBD7EA27B760A500A8E198 /* Flix.app */ = {isa = PBXFileReference; explicitFileType = wrapper.application; includeInIndex = 0; path = Flix.app; sourceTree = BUILT_PRODUCTS_DIR; };
		0DFBD7ED27B760A500A8E198 /* AppDelegate.swift */ = {isa = PBXFileReference; lastKnownFileType = sourcecode.swift; path = AppDelegate.swift; sourceTree = "<group>"; };
		0DFBD7EF27B760A500A8E198 /* SceneDelegate.swift */ = {isa = PBXFileReference; lastKnownFileType = sourcecode.swift; path = SceneDelegate.swift; sourceTree = "<group>"; };
		0DFBD7F127B760A500A8E198 /* MoviesViewController.swift */ = {isa = PBXFileReference; lastKnownFileType = sourcecode.swift; path = MoviesViewController.swift; sourceTree = "<group>"; };
		0DFBD7F427B760A500A8E198 /* Base */ = {isa = PBXFileReference; lastKnownFileType = file.storyboard; name = Base; path = Base.lproj/Main.storyboard; sourceTree = "<group>"; };
		0DFBD7F627B760AA00A8E198 /* Assets.xcassets */ = {isa = PBXFileReference; lastKnownFileType = folder.assetcatalog; path = Assets.xcassets; sourceTree = "<group>"; };
		0DFBD7F927B760AA00A8E198 /* Base */ = {isa = PBXFileReference; lastKnownFileType = file.storyboard; name = Base; path = Base.lproj/LaunchScreen.storyboard; sourceTree = "<group>"; };
		0DFBD7FB27B760AA00A8E198 /* Info.plist */ = {isa = PBXFileReference; lastKnownFileType = text.plist.xml; path = Info.plist; sourceTree = "<group>"; };
		0DFBD80027B760AA00A8E198 /* FlixTests.xctest */ = {isa = PBXFileReference; explicitFileType = wrapper.cfbundle; includeInIndex = 0; path = FlixTests.xctest; sourceTree = BUILT_PRODUCTS_DIR; };
		0DFBD80427B760AA00A8E198 /* FlixTests.swift */ = {isa = PBXFileReference; lastKnownFileType = sourcecode.swift; path = FlixTests.swift; sourceTree = "<group>"; };
		0DFBD80A27B760AA00A8E198 /* FlixUITests.xctest */ = {isa = PBXFileReference; explicitFileType = wrapper.cfbundle; includeInIndex = 0; path = FlixUITests.xctest; sourceTree = BUILT_PRODUCTS_DIR; };
		0DFBD80E27B760AA00A8E198 /* FlixUITests.swift */ = {isa = PBXFileReference; lastKnownFileType = sourcecode.swift; path = FlixUITests.swift; sourceTree = "<group>"; };
		0DFBD81027B760AA00A8E198 /* FlixUITestsLaunchTests.swift */ = {isa = PBXFileReference; lastKnownFileType = sourcecode.swift; path = FlixUITestsLaunchTests.swift; sourceTree = "<group>"; };
/* End PBXFileReference section */

/* Begin PBXFrameworksBuildPhase section */
		0DFBD7E727B760A500A8E198 /* Frameworks */ = {
			isa = PBXFrameworksBuildPhase;
			buildActionMask = 2147483647;
			files = (
				0D34D43D27B789C2009C0F68 /* AlamofireImage in Frameworks */,
			);
			runOnlyForDeploymentPostprocessing = 0;
		};
		0DFBD7FD27B760AA00A8E198 /* Frameworks */ = {
			isa = PBXFrameworksBuildPhase;
			buildActionMask = 2147483647;
			files = (
			);
			runOnlyForDeploymentPostprocessing = 0;
		};
		0DFBD80727B760AA00A8E198 /* Frameworks */ = {
			isa = PBXFrameworksBuildPhase;
			buildActionMask = 2147483647;
			files = (
			);
			runOnlyForDeploymentPostprocessing = 0;
		};
/* End PBXFrameworksBuildPhase section */

/* Begin PBXGroup section */
		0DFBD7E127B760A500A8E198 = {
			isa = PBXGroup;
			children = (
				0DFBD7EC27B760A500A8E198 /* Flix */,
				0DFBD80327B760AA00A8E198 /* FlixTests */,
				0DFBD80D27B760AA00A8E198 /* FlixUITests */,
				0DFBD7EB27B760A500A8E198 /* Products */,
			);
			sourceTree = "<group>";
		};
		0DFBD7EB27B760A500A8E198 /* Products */ = {
			isa = PBXGroup;
			children = (
				0DFBD7EA27B760A500A8E198 /* Flix.app */,
				0DFBD80027B760AA00A8E198 /* FlixTests.xctest */,
				0DFBD80A27B760AA00A8E198 /* FlixUITests.xctest */,
			);
			name = Products;
			sourceTree = "<group>";
		};
		0DFBD7EC27B760A500A8E198 /* Flix */ = {
			isa = PBXGroup;
			children = (
				0DFBD7ED27B760A500A8E198 /* AppDelegate.swift */,
				0DFBD7EF27B760A500A8E198 /* SceneDelegate.swift */,
				0DFBD7F127B760A500A8E198 /* MoviesViewController.swift */,
				0DFBD7F327B760A500A8E198 /* Main.storyboard */,
				0D34D43927B77032009C0F68 /* MovieCell.swift */,
				0DFBD7F627B760AA00A8E198 /* Assets.xcassets */,
				0DFBD7F827B760AA00A8E198 /* LaunchScreen.storyboard */,
				0DFBD7FB27B760AA00A8E198 /* Info.plist */,
			);
			path = Flix;
			sourceTree = "<group>";
		};
		0DFBD80327B760AA00A8E198 /* FlixTests */ = {
			isa = PBXGroup;
			children = (
				0DFBD80427B760AA00A8E198 /* FlixTests.swift */,
			);
			path = FlixTests;
			sourceTree = "<group>";
		};
		0DFBD80D27B760AA00A8E198 /* FlixUITests */ = {
			isa = PBXGroup;
			children = (
				0DFBD80E27B760AA00A8E198 /* FlixUITests.swift */,
				0DFBD81027B760AA00A8E198 /* FlixUITestsLaunchTests.swift */,
			);
			path = FlixUITests;
			sourceTree = "<group>";
		};
/* End PBXGroup section */

/* Begin PBXNativeTarget section */
		0DFBD7E927B760A500A8E198 /* Flix */ = {
			isa = PBXNativeTarget;
			buildConfigurationList = 0DFBD81427B760AA00A8E198 /* Build configuration list for PBXNativeTarget "Flix" */;
			buildPhases = (
				0DFBD7E627B760A500A8E198 /* Sources */,
				0DFBD7E727B760A500A8E198 /* Frameworks */,
				0DFBD7E827B760A500A8E198 /* Resources */,
			);
			buildRules = (
			);
			dependencies = (
			);
			name = Flix;
			packageProductDependencies = (
				0D34D43C27B789C2009C0F68 /* AlamofireImage */,
			);
			productName = Flix;
			productReference = 0DFBD7EA27B760A500A8E198 /* Flix.app */;
			productType = "com.apple.product-type.application";
		};
		0DFBD7FF27B760AA00A8E198 /* FlixTests */ = {
			isa = PBXNativeTarget;
			buildConfigurationList = 0DFBD81727B760AA00A8E198 /* Build configuration list for PBXNativeTarget "FlixTests" */;
			buildPhases = (
				0DFBD7FC27B760AA00A8E198 /* Sources */,
				0DFBD7FD27B760AA00A8E198 /* Frameworks */,
				0DFBD7FE27B760AA00A8E198 /* Resources */,
			);
			buildRules = (
			);
			dependencies = (
				0DFBD80227B760AA00A8E198 /* PBXTargetDependency */,
			);
			name = FlixTests;
			productName = FlixTests;
			productReference = 0DFBD80027B760AA00A8E198 /* FlixTests.xctest */;
			productType = "com.apple.product-type.bundle.unit-test";
		};
		0DFBD80927B760AA00A8E198 /* FlixUITests */ = {
			isa = PBXNativeTarget;
			buildConfigurationList = 0DFBD81A27B760AA00A8E198 /* Build configuration list for PBXNativeTarget "FlixUITests" */;
			buildPhases = (
				0DFBD80627B760AA00A8E198 /* Sources */,
				0DFBD80727B760AA00A8E198 /* Frameworks */,
				0DFBD80827B760AA00A8E198 /* Resources */,
			);
			buildRules = (
			);
			dependencies = (
				0DFBD80C27B760AA00A8E198 /* PBXTargetDependency */,
			);
			name = FlixUITests;
			productName = FlixUITests;
			productReference = 0DFBD80A27B760AA00A8E198 /* FlixUITests.xctest */;
			productType = "com.apple.product-type.bundle.ui-testing";
		};
/* End PBXNativeTarget section */

/* Begin PBXProject section */
		0DFBD7E227B760A500A8E198 /* Project object */ = {
			isa = PBXProject;
			attributes = {
				BuildIndependentTargetsInParallel = 1;
				LastSwiftUpdateCheck = 1320;
				LastUpgradeCheck = 1320;
				TargetAttributes = {
					0DFBD7E927B760A500A8E198 = {
						CreatedOnToolsVersion = 13.2.1;
					};
					0DFBD7FF27B760AA00A8E198 = {
						CreatedOnToolsVersion = 13.2.1;
						TestTargetID = 0DFBD7E927B760A500A8E198;
					};
					0DFBD80927B760AA00A8E198 = {
						CreatedOnToolsVersion = 13.2.1;
						TestTargetID = 0DFBD7E927B760A500A8E198;
					};
				};
			};
			buildConfigurationList = 0DFBD7E527B760A500A8E198 /* Build configuration list for PBXProject "Flix" */;
			compatibilityVersion = "Xcode 13.0";
			developmentRegion = en;
			hasScannedForEncodings = 0;
			knownRegions = (
				en,
				Base,
			);
			mainGroup = 0DFBD7E127B760A500A8E198;
			packageReferences = (
				0D34D43B27B789C2009C0F68 /* XCRemoteSwiftPackageReference "AlamofireImage" */,
			);
			productRefGroup = 0DFBD7EB27B760A500A8E198 /* Products */;
			projectDirPath = "";
			projectRoot = "";
			targets = (
				0DFBD7E927B760A500A8E198 /* Flix */,
				0DFBD7FF27B760AA00A8E198 /* FlixTests */,
				0DFBD80927B760AA00A8E198 /* FlixUITests */,
			);
		};
/* End PBXProject section */

/* Begin PBXResourcesBuildPhase section */
		0DFBD7E827B760A500A8E198 /* Resources */ = {
			isa = PBXResourcesBuildPhase;
			buildActionMask = 2147483647;
			files = (
				0DFBD7FA27B760AA00A8E198 /* LaunchScreen.storyboard in Resources */,
				0DFBD7F727B760AA00A8E198 /* Assets.xcassets in Resources */,
				0DFBD7F527B760A500A8E198 /* Main.storyboard in Resources */,
			);
			runOnlyForDeploymentPostprocessing = 0;
		};
		0DFBD7FE27B760AA00A8E198 /* Resources */ = {
			isa = PBXResourcesBuildPhase;
			buildActionMask = 2147483647;
			files = (
			);
			runOnlyForDeploymentPostprocessing = 0;
		};
		0DFBD80827B760AA00A8E198 /* Resources */ = {
			isa = PBXResourcesBuildPhase;
			buildActionMask = 2147483647;
			files = (
			);
			runOnlyForDeploymentPostprocessing = 0;
		};
/* End PBXResourcesBuildPhase section */

/* Begin PBXSourcesBuildPhase section */
		0DFBD7E627B760A500A8E198 /* Sources */ = {
			isa = PBXSourcesBuildPhase;
			buildActionMask = 2147483647;
			files = (
				0DFBD7F227B760A500A8E198 /* MoviesViewController.swift in Sources */,
				0DFBD7EE27B760A500A8E198 /* AppDelegate.swift in Sources */,
				0D34D43A27B77032009C0F68 /* MovieCell.swift in Sources */,
				0DFBD7F027B760A500A8E198 /* SceneDelegate.swift in Sources */,
			);
			runOnlyForDeploymentPostprocessing = 0;
		};
		0DFBD7FC27B760AA00A8E198 /* Sources */ = {
			isa = PBXSourcesBuildPhase;
			buildActionMask = 2147483647;
			files = (
				0DFBD80527B760AA00A8E198 /* FlixTests.swift in Sources */,
			);
			runOnlyForDeploymentPostprocessing = 0;
		};
		0DFBD80627B760AA00A8E198 /* Sources */ = {
			isa = PBXSourcesBuildPhase;
			buildActionMask = 2147483647;
			files = (
				0DFBD80F27B760AA00A8E198 /* FlixUITests.swift in Sources */,
				0DFBD81127B760AA00A8E198 /* FlixUITestsLaunchTests.swift in Sources */,
			);
			runOnlyForDeploymentPostprocessing = 0;
		};
/* End PBXSourcesBuildPhase section */

/* Begin PBXTargetDependency section */
		0DFBD80227B760AA00A8E198 /* PBXTargetDependency */ = {
			isa = PBXTargetDependency;
			target = 0DFBD7E927B760A500A8E198 /* Flix */;
			targetProxy = 0DFBD80127B760AA00A8E198 /* PBXContainerItemProxy */;
		};
		0DFBD80C27B760AA00A8E198 /* PBXTargetDependency */ = {
			isa = PBXTargetDependency;
			target = 0DFBD7E927B760A500A8E198 /* Flix */;
			targetProxy = 0DFBD80B27B760AA00A8E198 /* PBXContainerItemProxy */;
		};
/* End PBXTargetDependency section */

/* Begin PBXVariantGroup section */
		0DFBD7F327B760A500A8E198 /* Main.storyboard */ = {
			isa = PBXVariantGroup;
			children = (
				0DFBD7F427B760A500A8E198 /* Base */,
			);
			name = Main.storyboard;
			sourceTree = "<group>";
		};
		0DFBD7F827B760AA00A8E198 /* LaunchScreen.storyboard */ = {
			isa = PBXVariantGroup;
			children = (
				0DFBD7F927B760AA00A8E198 /* Base */,
			);
			name = LaunchScreen.storyboard;
			sourceTree = "<group>";
		};
/* End PBXVariantGroup section */

/* Begin XCBuildConfiguration section */
		0DFBD81227B760AA00A8E198 /* Debug */ = {
			isa = XCBuildConfiguration;
			buildSettings = {
				ALWAYS_SEARCH_USER_PATHS = NO;
				CLANG_ANALYZER_NONNULL = YES;
				CLANG_ANALYZER_NUMBER_OBJECT_CONVERSION = YES_AGGRESSIVE;
				CLANG_CXX_LANGUAGE_STANDARD = "gnu++17";
				CLANG_CXX_LIBRARY = "libc++";
				CLANG_ENABLE_MODULES = YES;
				CLANG_ENABLE_OBJC_ARC = YES;
				CLANG_ENABLE_OBJC_WEAK = YES;
				CLANG_WARN_BLOCK_CAPTURE_AUTORELEASING = YES;
				CLANG_WARN_BOOL_CONVERSION = YES;
				CLANG_WARN_COMMA = YES;
				CLANG_WARN_CONSTANT_CONVERSION = YES;
				CLANG_WARN_DEPRECATED_OBJC_IMPLEMENTATIONS = YES;
				CLANG_WARN_DIRECT_OBJC_ISA_USAGE = YES_ERROR;
				CLANG_WARN_DOCUMENTATION_COMMENTS = YES;
				CLANG_WARN_EMPTY_BODY = YES;
				CLANG_WARN_ENUM_CONVERSION = YES;
				CLANG_WARN_INFINITE_RECURSION = YES;
				CLANG_WARN_INT_CONVERSION = YES;
				CLANG_WARN_NON_LITERAL_NULL_CONVERSION = YES;
				CLANG_WARN_OBJC_IMPLICIT_RETAIN_SELF = YES;
				CLANG_WARN_OBJC_LITERAL_CONVERSION = YES;
				CLANG_WARN_OBJC_ROOT_CLASS = YES_ERROR;
				CLANG_WARN_QUOTED_INCLUDE_IN_FRAMEWORK_HEADER = YES;
				CLANG_WARN_RANGE_LOOP_ANALYSIS = YES;
				CLANG_WARN_STRICT_PROTOTYPES = YES;
				CLANG_WARN_SUSPICIOUS_MOVE = YES;
				CLANG_WARN_UNGUARDED_AVAILABILITY = YES_AGGRESSIVE;
				CLANG_WARN_UNREACHABLE_CODE = YES;
				CLANG_WARN__DUPLICATE_METHOD_MATCH = YES;
				COPY_PHASE_STRIP = NO;
				DEBUG_INFORMATION_FORMAT = dwarf;
				ENABLE_STRICT_OBJC_MSGSEND = YES;
				ENABLE_TESTABILITY = YES;
				GCC_C_LANGUAGE_STANDARD = gnu11;
				GCC_DYNAMIC_NO_PIC = NO;
				GCC_NO_COMMON_BLOCKS = YES;
				GCC_OPTIMIZATION_LEVEL = 0;
				GCC_PREPROCESSOR_DEFINITIONS = (
					"DEBUG=1",
					"$(inherited)",
				);
				GCC_WARN_64_TO_32_BIT_CONVERSION = YES;
				GCC_WARN_ABOUT_RETURN_TYPE = YES_ERROR;
				GCC_WARN_UNDECLARED_SELECTOR = YES;
				GCC_WARN_UNINITIALIZED_AUTOS = YES_AGGRESSIVE;
				GCC_WARN_UNUSED_FUNCTION = YES;
				GCC_WARN_UNUSED_VARIABLE = YES;
				IPHONEOS_DEPLOYMENT_TARGET = 15.2;
				MTL_ENABLE_DEBUG_INFO = INCLUDE_SOURCE;
				MTL_FAST_MATH = YES;
				ONLY_ACTIVE_ARCH = YES;
				SDKROOT = iphoneos;
				SWIFT_ACTIVE_COMPILATION_CONDITIONS = DEBUG;
				SWIFT_OPTIMIZATION_LEVEL = "-Onone";
			};
			name = Debug;
		};
		0DFBD81327B760AA00A8E198 /* Release */ = {
			isa = XCBuildConfiguration;
			buildSettings = {
				ALWAYS_SEARCH_USER_PATHS = NO;
				CLANG_ANALYZER_NONNULL = YES;
				CLANG_ANALYZER_NUMBER_OBJECT_CONVERSION = YES_AGGRESSIVE;
				CLANG_CXX_LANGUAGE_STANDARD = "gnu++17";
				CLANG_CXX_LIBRARY = "libc++";
				CLANG_ENABLE_MODULES = YES;
				CLANG_ENABLE_OBJC_ARC = YES;
				CLANG_ENABLE_OBJC_WEAK = YES;
				CLANG_WARN_BLOCK_CAPTURE_AUTORELEASING = YES;
				CLANG_WARN_BOOL_CONVERSION = YES;
				CLANG_WARN_COMMA = YES;
				CLANG_WARN_CONSTANT_CONVERSION = YES;
				CLANG_WARN_DEPRECATED_OBJC_IMPLEMENTATIONS = YES;
				CLANG_WARN_DIRECT_OBJC_ISA_USAGE = YES_ERROR;
				CLANG_WARN_DOCUMENTATION_COMMENTS = YES;
				CLANG_WARN_EMPTY_BODY = YES;
				CLANG_WARN_ENUM_CONVERSION = YES;
				CLANG_WARN_INFINITE_RECURSION = YES;
				CLANG_WARN_INT_CONVERSION = YES;
				CLANG_WARN_NON_LITERAL_NULL_CONVERSION = YES;
				CLANG_WARN_OBJC_IMPLICIT_RETAIN_SELF = YES;
				CLANG_WARN_OBJC_LITERAL_CONVERSION = YES;
				CLANG_WARN_OBJC_ROOT_CLASS = YES_ERROR;
				CLANG_WARN_QUOTED_INCLUDE_IN_FRAMEWORK_HEADER = YES;
				CLANG_WARN_RANGE_LOOP_ANALYSIS = YES;
				CLANG_WARN_STRICT_PROTOTYPES = YES;
				CLANG_WARN_SUSPICIOUS_MOVE = YES;
				CLANG_WARN_UNGUARDED_AVAILABILITY = YES_AGGRESSIVE;
				CLANG_WARN_UNREACHABLE_CODE = YES;
				CLANG_WARN__DUPLICATE_METHOD_MATCH = YES;
				COPY_PHASE_STRIP = NO;
				DEBUG_INFORMATION_FORMAT = "dwarf-with-dsym";
				ENABLE_NS_ASSERTIONS = NO;
				ENABLE_STRICT_OBJC_MSGSEND = YES;
				GCC_C_LANGUAGE_STANDARD = gnu11;
				GCC_NO_COMMON_BLOCKS = YES;
				GCC_WARN_64_TO_32_BIT_CONVERSION = YES;
				GCC_WARN_ABOUT_RETURN_TYPE = YES_ERROR;
				GCC_WARN_UNDECLARED_SELECTOR = YES;
				GCC_WARN_UNINITIALIZED_AUTOS = YES_AGGRESSIVE;
				GCC_WARN_UNUSED_FUNCTION = YES;
				GCC_WARN_UNUSED_VARIABLE = YES;
				IPHONEOS_DEPLOYMENT_TARGET = 15.2;
				MTL_ENABLE_DEBUG_INFO = NO;
				MTL_FAST_MATH = YES;
				SDKROOT = iphoneos;
				SWIFT_COMPILATION_MODE = wholemodule;
				SWIFT_OPTIMIZATION_LEVEL = "-O";
				VALIDATE_PRODUCT = YES;
			};
			name = Release;
		};
		0DFBD81527B760AA00A8E198 /* Debug */ = {
			isa = XCBuildConfiguration;
			buildSettings = {
				ASSETCATALOG_COMPILER_APPICON_NAME = AppIcon;
				ASSETCATALOG_COMPILER_GLOBAL_ACCENT_COLOR_NAME = AccentColor;
				CODE_SIGN_STYLE = Automatic;
				CURRENT_PROJECT_VERSION = 1;
				GENERATE_INFOPLIST_FILE = YES;
				INFOPLIST_FILE = Flix/Info.plist;
				INFOPLIST_KEY_UIApplicationSupportsIndirectInputEvents = YES;
				INFOPLIST_KEY_UILaunchStoryboardName = LaunchScreen;
				INFOPLIST_KEY_UIMainStoryboardFile = Main;
				INFOPLIST_KEY_UISupportedInterfaceOrientations_iPad = "UIInterfaceOrientationPortrait UIInterfaceOrientationPortraitUpsideDown UIInterfaceOrientationLandscapeLeft UIInterfaceOrientationLandscapeRight";
				INFOPLIST_KEY_UISupportedInterfaceOrientations_iPhone = "UIInterfaceOrientationPortrait UIInterfaceOrientationLandscapeLeft UIInterfaceOrientationLandscapeRight";
				LD_RUNPATH_SEARCH_PATHS = (
					"$(inherited)",
					"@executable_path/Frameworks",
				);
				MARKETING_VERSION = 1.0;
				PRODUCT_BUNDLE_IDENTIFIER = memo.com.Flix;
				PRODUCT_NAME = "$(TARGET_NAME)";
				SWIFT_EMIT_LOC_STRINGS = YES;
				SWIFT_VERSION = 5.0;
				TARGETED_DEVICE_FAMILY = "1,2";
			};
			name = Debug;
		};
		0DFBD81627B760AA00A8E198 /* Release */ = {
			isa = XCBuildConfiguration;
			buildSettings = {
				ASSETCATALOG_COMPILER_APPICON_NAME = AppIcon;
				ASSETCATALOG_COMPILER_GLOBAL_ACCENT_COLOR_NAME = AccentColor;
				CODE_SIGN_STYLE = Automatic;
				CURRENT_PROJECT_VERSION = 1;
				GENERATE_INFOPLIST_FILE = YES;
				INFOPLIST_FILE = Flix/Info.plist;
				INFOPLIST_KEY_UIApplicationSupportsIndirectInputEvents = YES;
				INFOPLIST_KEY_UILaunchStoryboardName = LaunchScreen;
				INFOPLIST_KEY_UIMainStoryboardFile = Main;
				INFOPLIST_KEY_UISupportedInterfaceOrientations_iPad = "UIInterfaceOrientationPortrait UIInterfaceOrientationPortraitUpsideDown UIInterfaceOrientationLandscapeLeft UIInterfaceOrientationLandscapeRight";
				INFOPLIST_KEY_UISupportedInterfaceOrientations_iPhone = "UIInterfaceOrientationPortrait UIInterfaceOrientationLandscapeLeft UIInterfaceOrientationLandscapeRight";
				LD_RUNPATH_SEARCH_PATHS = (
					"$(inherited)",
					"@executable_path/Frameworks",
				);
				MARKETING_VERSION = 1.0;
				PRODUCT_BUNDLE_IDENTIFIER = memo.com.Flix;
				PRODUCT_NAME = "$(TARGET_NAME)";
				SWIFT_EMIT_LOC_STRINGS = YES;
				SWIFT_VERSION = 5.0;
				TARGETED_DEVICE_FAMILY = "1,2";
			};
			name = Release;
		};
		0DFBD81827B760AA00A8E198 /* Debug */ = {
			isa = XCBuildConfiguration;
			buildSettings = {
				ALWAYS_EMBED_SWIFT_STANDARD_LIBRARIES = YES;
				BUNDLE_LOADER = "$(TEST_HOST)";
				CODE_SIGN_STYLE = Automatic;
				CURRENT_PROJECT_VERSION = 1;
				GENERATE_INFOPLIST_FILE = YES;
				IPHONEOS_DEPLOYMENT_TARGET = 15.2;
				MARKETING_VERSION = 1.0;
				PRODUCT_BUNDLE_IDENTIFIER = memo.com.FlixTests;
				PRODUCT_NAME = "$(TARGET_NAME)";
				SWIFT_EMIT_LOC_STRINGS = NO;
				SWIFT_VERSION = 5.0;
				TARGETED_DEVICE_FAMILY = "1,2";
				TEST_HOST = "$(BUILT_PRODUCTS_DIR)/Flix.app/Flix";
			};
			name = Debug;
		};
		0DFBD81927B760AA00A8E198 /* Release */ = {
			isa = XCBuildConfiguration;
			buildSettings = {
				ALWAYS_EMBED_SWIFT_STANDARD_LIBRARIES = YES;
				BUNDLE_LOADER = "$(TEST_HOST)";
				CODE_SIGN_STYLE = Automatic;
				CURRENT_PROJECT_VERSION = 1;
				GENERATE_INFOPLIST_FILE = YES;
				IPHONEOS_DEPLOYMENT_TARGET = 15.2;
				MARKETING_VERSION = 1.0;
				PRODUCT_BUNDLE_IDENTIFIER = memo.com.FlixTests;
				PRODUCT_NAME = "$(TARGET_NAME)";
				SWIFT_EMIT_LOC_STRINGS = NO;
				SWIFT_VERSION = 5.0;
				TARGETED_DEVICE_FAMILY = "1,2";
				TEST_HOST = "$(BUILT_PRODUCTS_DIR)/Flix.app/Flix";
			};
			name = Release;
		};
		0DFBD81B27B760AA00A8E198 /* Debug */ = {
			isa = XCBuildConfiguration;
			buildSettings = {
				ALWAYS_EMBED_SWIFT_STANDARD_LIBRARIES = YES;
				CODE_SIGN_STYLE = Automatic;
				CURRENT_PROJECT_VERSION = 1;
				GENERATE_INFOPLIST_FILE = YES;
				MARKETING_VERSION = 1.0;
				PRODUCT_BUNDLE_IDENTIFIER = memo.com.FlixUITests;
				PRODUCT_NAME = "$(TARGET_NAME)";
				SWIFT_EMIT_LOC_STRINGS = NO;
				SWIFT_VERSION = 5.0;
				TARGETED_DEVICE_FAMILY = "1,2";
				TEST_TARGET_NAME = Flix;
			};
			name = Debug;
		};
		0DFBD81C27B760AA00A8E198 /* Release */ = {
			isa = XCBuildConfiguration;
			buildSettings = {
				ALWAYS_EMBED_SWIFT_STANDARD_LIBRARIES = YES;
				CODE_SIGN_STYLE = Automatic;
				CURRENT_PROJECT_VERSION = 1;
				GENERATE_INFOPLIST_FILE = YES;
				MARKETING_VERSION = 1.0;
				PRODUCT_BUNDLE_IDENTIFIER = memo.com.FlixUITests;
				PRODUCT_NAME = "$(TARGET_NAME)";
				SWIFT_EMIT_LOC_STRINGS = NO;
				SWIFT_VERSION = 5.0;
				TARGETED_DEVICE_FAMILY = "1,2";
				TEST_TARGET_NAME = Flix;
			};
			name = Release;
		};
/* End XCBuildConfiguration section */

/* Begin XCConfigurationList section */
		0DFBD7E527B760A500A8E198 /* Build configuration list for PBXProject "Flix" */ = {
			isa = XCConfigurationList;
			buildConfigurations = (
				0DFBD81227B760AA00A8E198 /* Debug */,
				0DFBD81327B760AA00A8E198 /* Release */,
			);
			defaultConfigurationIsVisible = 0;
			defaultConfigurationName = Release;
		};
		0DFBD81427B760AA00A8E198 /* Build configuration list for PBXNativeTarget "Flix" */ = {
			isa = XCConfigurationList;
			buildConfigurations = (
				0DFBD81527B760AA00A8E198 /* Debug */,
				0DFBD81627B760AA00A8E198 /* Release */,
			);
			defaultConfigurationIsVisible = 0;
			defaultConfigurationName = Release;
		};
		0DFBD81727B760AA00A8E198 /* Build configuration list for PBXNativeTarget "FlixTests" */ = {
			isa = XCConfigurationList;
			buildConfigurations = (
				0DFBD81827B760AA00A8E198 /* Debug */,
				0DFBD81927B760AA00A8E198 /* Release */,
			);
			defaultConfigurationIsVisible = 0;
			defaultConfigurationName = Release;
		};
		0DFBD81A27B760AA00A8E198 /* Build configuration list for PBXNativeTarget "FlixUITests" */ = {
			isa = XCConfigurationList;
			buildConfigurations = (
				0DFBD81B27B760AA00A8E198 /* Debug */,
				0DFBD81C27B760AA00A8E198 /* Release */,
			);
			defaultConfigurationIsVisible = 0;
			defaultConfigurationName = Release;
		};
/* End XCConfigurationList section */

/* Begin XCRemoteSwiftPackageReference section */
		0D34D43B27B789C2009C0F68 /* XCRemoteSwiftPackageReference "AlamofireImage" */ = {
			isa = XCRemoteSwiftPackageReference;
			repositoryURL = "https://github.com/Alamofire/AlamofireImage";
			requirement = {
				kind = upToNextMajorVersion;
				minimumVersion = 4.0.0;
			};
		};
/* End XCRemoteSwiftPackageReference section */

/* Begin XCSwiftPackageProductDependency section */
		0D34D43C27B789C2009C0F68 /* AlamofireImage */ = {
			isa = XCSwiftPackageProductDependency;
			package = 0D34D43B27B789C2009C0F68 /* XCRemoteSwiftPackageReference "AlamofireImage" */;
			productName = AlamofireImage;
		};
/* End XCSwiftPackageProductDependency section */
	};
	rootObject = 0DFBD7E227B760A500A8E198 /* Project object */;
}
